
Microsoft Visual Studio Solution File, Format Version 12.00
# Visual Studio 14
VisualStudioVersion = 14.0.25420.1
MinimumVisualStudioVersion = 10.0.40219.1
Project("{FAE04EC0-301F-11D3-BF4B-00C04F79EFBC}") = "CrmRequestInspector", "CrmRequestInspector\CrmRequestInspector.csproj", "{07EBFDA3-8C3D-494C-8155-B62B17F9E330}"
EndProject
Global
	GlobalSection(SolutionConfigurationPlatforms) = preSolution
		Debug|Any CPU = Debug|Any CPU
		Release|Any CPU = Release|Any CPU
	EndGlobalSection
	GlobalSection(ProjectConfigurationPlatforms) = postSolution
		{07EBFDA3-8C3D-494C-8155-B62B17F9E330}.Debug|Any CPU.ActiveCfg = Debug|Any CPU
		{07EBFDA3-8C3D-494C-8155-B62B17F9E330}.Debug|Any CPU.Build.0 = Debug|Any CPU
		{07EBFDA3-8C3D-494C-8155-B62B17F9E330}.Release|Any CPU.ActiveCfg = Release|Any CPU
		{07EBFDA3-8C3D-494C-8155-B62B17F9E330}.Release|Any CPU.Build.0 = Release|Any CPU
	EndGlobalSection
	GlobalSection(SolutionProperties) = preSolution
		HideSolutionNode = FALSE
	EndGlobalSection
EndGlobal
